<?xml version="1.0" encoding="utf-8"?>
<Project ToolsVersion="4.0" xmlns="http://schemas.microsoft.com/developer/msbuild/2003">
  <ItemGroup>
    <Filter Include="源文件">
      <UniqueIdentifier>{4FC737F1-C7A5-4376-A066-2A32D752A2FF}</UniqueIdentifier>
      <Extensions>cpp;c;cc;cxx;def;odl;idl;hpj;bat;asm;asmx</Extensions>
    </Filter>
    <Filter Include="头文件">
      <UniqueIdentifier>{93995380-89BD-4b04-88EB-625FBE52EBFB}</UniqueIdentifier>
      <Extensions>h;hh;hpp;hxx;hm;inl;inc;xsd</Extensions>
    </Filter>
    <Filter Include="资源文件">
      <UniqueIdentifier>{67DA6AB6-F800-4c08-8B7A-83BB121AAD01}</UniqueIdentifier>
      <Extensions>rc;ico;cur;bmp;dlg;rc2;rct;bin;rgs;gif;jpg;jpeg;jpe;resx;tiff;tif;png;wav;mfcribbon-ms</Extensions>
    </Filter>
    <Filter Include="capture">
      <UniqueIdentifier>{2a0d634b-4559-4335-b982-8409e64e0da2}</UniqueIdentifier>
    </Filter>
    <Filter Include="encoder">
      <UniqueIdentifier>{b1675196-f625-4d24-894c-e196ba6ba7a1}</UniqueIdentifier>
    </Filter>
    <Filter Include="render">
      <UniqueIdentifier>{12e8fc19-5d93-4433-b73b-2fbcf5c2378d}</UniqueIdentifier>
    </Filter>
    <Filter Include="decoder">
      <UniqueIdentifier>{312bafea-4b7b-4d79-a179-b715d87bd12d}</UniqueIdentifier>
    </Filter>
  </ItemGroup>
  <ItemGroup>
    <Text Include="ReadMe.txt" />
  </ItemGroup>
  <ItemGroup>
    <ClInclude Include="stdafx.h">
      <Filter>头文件</Filter>
    </ClInclude>
    <ClInclude Include="targetver.h">
      <Filter>头文件</Filter>
    </ClInclude>
    <ClInclude Include="logger.h">
      <Filter>头文件</Filter>
    </ClInclude>
    <ClInclude Include="MediaFormat.h">
      <Filter>头文件</Filter>
    </ClInclude>
    <ClInclude Include="App.h">
      <Filter>头文件</Filter>
    </ClInclude>
    <ClInclude Include="env.h">
      <Filter>头文件</Filter>
    </ClInclude>
    <ClInclude Include="WindowMain.h">
      <Filter>头文件</Filter>
    </ClInclude>
    <ClInclude Include="WindowPlayer.h">
      <Filter>头文件</Filter>
    </ClInclude>
    <ClInclude Include="WindowPublisher.h">
      <Filter>头文件</Filter>
    </ClInclude>
    <ClInclude Include="MediaFrameFactory.h">
      <Filter>头文件</Filter>
    </ClInclude>
    <ClInclude Include="capture\DeviceInclude.h">
      <Filter>capture</Filter>
    </ClInclude>
    <ClInclude Include="capture\DeviceManager.h">
      <Filter>capture</Filter>
    </ClInclude>
    <ClInclude Include="capture\qedit.h">
      <Filter>capture</Filter>
    </ClInclude>
    <ClInclude Include="capture\VideoCapture.h">
      <Filter>capture</Filter>
    </ClInclude>
    <ClInclude Include="capture\VideoCaptureInfo.h">
      <Filter>capture</Filter>
    </ClInclude>
    <ClInclude Include="ContextPublisher.h">
      <Filter>头文件</Filter>
    </ClInclude>
    <ClInclude Include="encoder\VideoEncoder.h">
      <Filter>encoder</Filter>
    </ClInclude>
    <ClInclude Include="capture\VideoSource.h">
      <Filter>capture</Filter>
    </ClInclude>
    <ClInclude Include="D3D9Render.h">
      <Filter>render</Filter>
    </ClInclude>
    <ClInclude Include="decoder\VideoDecoder.h">
      <Filter>decoder</Filter>
    </ClInclude>
    <ClInclude Include="StreamBuffer.h">
      <Filter>头文件</Filter>
    </ClInclude>
    <ClInclude Include="ContextSubscriber.h">
      <Filter>头文件</Filter>
    </ClInclude>
    <ClInclude Include="protocol.h">
      <Filter>头文件</Filter>
    </ClInclude>
    <ClInclude Include="NetObject.h">
      <Filter>头文件</Filter>
    </ClInclude>
    <ClInclude Include="MissionObject.h">
      <Filter>头文件</Filter>
    </ClInclude>
    <ClInclude Include="WindowSubscriber.h">
      <Filter>头文件</Filter>
    </ClInclude>
  </ItemGroup>
  <ItemGroup>
    <ClCompile Include="stdafx.cpp">
      <Filter>源文件</Filter>
    </ClCompile>
    <ClCompile Include="logger.cpp">
      <Filter>源文件</Filter>
    </ClCompile>
    <ClCompile Include="main.cpp">
      <Filter>源文件</Filter>
    </ClCompile>
    <ClCompile Include="App.cpp">
      <Filter>源文件</Filter>
    </ClCompile>
    <ClCompile Include="WindowMain.cpp">
      <Filter>源文件</Filter>
    </ClCompile>
    <ClCompile Include="WindowPlayer.cpp">
      <Filter>源文件</Filter>
    </ClCompile>
    <ClCompile Include="WindowPublisher.cpp">
      <Filter>源文件</Filter>
    </ClCompile>
    <ClCompile Include="MediaFrameFactory.cpp">
      <Filter>源文件</Filter>
    </ClCompile>
    <ClCompile Include="capture\DeviceManager.cpp">
      <Filter>capture</Filter>
    </ClCompile>
    <ClCompile Include="capture\VideoCapture.cpp">
      <Filter>capture</Filter>
    </ClCompile>
    <ClCompile Include="capture\VideoCaptureInfo.cpp">
      <Filter>capture</Filter>
    </ClCompile>
    <ClCompile Include="ContextPublisher.cpp">
      <Filter>源文件</Filter>
    </ClCompile>
    <ClCompile Include="encoder\VideoEncoder.cpp">
      <Filter>encoder</Filter>
    </ClCompile>
    <ClCompile Include="capture\VideoSource.cpp">
      <Filter>capture</Filter>
    </ClCompile>
    <ClCompile Include="D3D9Render.cpp">
      <Filter>render</Filter>
    </ClCompile>
    <ClCompile Include="decoder\VideoDecoder.cpp">
      <Filter>decoder</Filter>
    </ClCompile>
    <ClCompile Include="StreamBuffer.cpp">
      <Filter>源文件</Filter>
    </ClCompile>
    <ClCompile Include="ContextSubscriber.cpp">
      <Filter>源文件</Filter>
    </ClCompile>
    <ClCompile Include="NetObject.cpp">
      <Filter>源文件</Filter>
    </ClCompile>
    <ClCompile Include="MissionObject.cpp">
      <Filter>源文件</Filter>
    </ClCompile>
    <ClCompile Include="WindowSubscriber.cpp">
      <Filter>源文件</Filter>
    </ClCompile>
  </ItemGroup>
</Project>